
Microsoft Visual Studio Solution File, Format Version 12.00
# Visual Studio Version 17
VisualStudioVersion = 17.2.32616.157
MinimumVisualStudioVersion = 10.0.40219.1
Project("{FAE04EC0-301F-11D3-BF4B-00C04F79EFBC}") = "RestSharpCore3point1", "RestSharpCore3point1\RestSharpCore3point1.csproj", "{15BA69D7-59CD-48A5-8915-1B97922ADF3B}"
EndProject
Global
	GlobalSection(SolutionConfigurationPlatforms) = preSolution
		Debug|Any CPU = Debug|Any CPU
		Release|Any CPU = Release|Any CPU
	EndGlobalSection
	GlobalSection(ProjectConfigurationPlatforms) = postSolution
		{15BA69D7-59CD-48A5-8915-1B97922ADF3B}.Debug|Any CPU.ActiveCfg = Debug|Any CPU
		{15BA69D7-59CD-48A5-8915-1B97922ADF3B}.Debug|Any CPU.Build.0 = Debug|Any CPU
		{15BA69D7-59CD-48A5-8915-1B97922ADF3B}.Release|Any CPU.ActiveCfg = Release|Any CPU
		{15BA69D7-59CD-48A5-8915-1B97922ADF3B}.Release|Any CPU.Build.0 = Release|Any CPU
	EndGlobalSection
	GlobalSection(SolutionProperties) = preSolution
		HideSolutionNode = FALSE
	EndGlobalSection
	GlobalSection(ExtensibilityGlobals) = postSolution
		SolutionGuid = {AC892F24-B734-4E23-BA26-C9FA695EB0DF}
	EndGlobalSection
EndGlobal
